// !$*UTF8*$!
{
	archiveVersion = 1;
	classes = {
	};
	objectVersion = 46;
	objects = {

/* Begin PBXBuildFile section */
		755A52D01BA678EE00C816F7 /* AppDelegate.swift in Sources */ = {isa = PBXBuildFile; fileRef = 755A52CF1BA678EE00C816F7 /* AppDelegate.swift */; };
		755A52D21BA678EE00C816F7 /* ViewController.swift in Sources */ = {isa = PBXBuildFile; fileRef = 755A52D11BA678EE00C816F7 /* ViewController.swift */; };
		755A52D51BA678EE00C816F7 /* Main.storyboard in Resources */ = {isa = PBXBuildFile; fileRef = 755A52D31BA678EE00C816F7 /* Main.storyboard */; };
		755A52D71BA678EE00C816F7 /* Assets.xcassets in Resources */ = {isa = PBXBuildFile; fileRef = 755A52D61BA678EE00C816F7 /* Assets.xcassets */; };
		755A52DA1BA678EE00C816F7 /* LaunchScreen.storyboard in Resources */ = {isa = PBXBuildFile; fileRef = 755A52D81BA678EE00C816F7 /* LaunchScreen.storyboard */; };
		7564F0901BA78F8200E81EEA /* TableViewController.swift in Sources */ = {isa = PBXBuildFile; fileRef = 7564F08F1BA78F8200E81EEA /* TableViewController.swift */; settings = {ASSET_TAGS = (); }; };
		7564F0921BA7BA6800E81EEA /* Favorite.swift in Sources */ = {isa = PBXBuildFile; fileRef = 7564F0911BA7BA6800E81EEA /* Favorite.swift */; settings = {ASSET_TAGS = (); }; };
/* End PBXBuildFile section */

/* Begin PBXFileReference section */
		755A52CC1BA678EE00C816F7 /* FavoritePlaces.app */ = {isa = PBXFileReference; explicitFileType = wrapper.application; includeInIndex = 0; path = FavoritePlaces.app; sourceTree = BUILT_PRODUCTS_DIR; };
		755A52CF1BA678EE00C816F7 /* AppDelegate.swift */ = {isa = PBXFileReference; lastKnownFileType = sourcecode.swift; path = AppDelegate.swift; sourceTree = "<group>"; };
		755A52D11BA678EE00C816F7 /* ViewController.swift */ = {isa = PBXFileReference; lastKnownFileType = sourcecode.swift; path = ViewController.swift; sourceTree = "<group>"; };
		755A52D41BA678EE00C816F7 /* Base */ = {isa = PBXFileReference; lastKnownFileType = file.storyboard; name = Base; path = Base.lproj/Main.storyboard; sourceTree = "<group>"; };
		755A52D61BA678EE00C816F7 /* Assets.xcassets */ = {isa = PBXFileReference; lastKnownFileType = folder.assetcatalog; path = Assets.xcassets; sourceTree = "<group>"; };
		755A52D91BA678EE00C816F7 /* Base */ = {isa = PBXFileReference; lastKnownFileType = file.storyboard; name = Base; path = Base.lproj/LaunchScreen.storyboard; sourceTree = "<group>"; };
		755A52DB1BA678EE00C816F7 /* Info.plist */ = {isa = PBXFileReference; lastKnownFileType = text.plist.xml; path = Info.plist; sourceTree = "<group>"; };
		7564F08F1BA78F8200E81EEA /* TableViewController.swift */ = {isa = PBXFileReference; fileEncoding = 4; lastKnownFileType = sourcecode.swift; path = TableViewController.swift; sourceTree = "<group>"; };
		7564F0911BA7BA6800E81EEA /* Favorite.swift */ = {isa = PBXFileReference; fileEncoding = 4; lastKnownFileType = sourcecode.swift; path = Favorite.swift; sourceTree = "<group>"; };
/* End PBXFileReference section */

/* Begin PBXFrameworksBuildPhase section */
		755A52C91BA678EE00C816F7 /* Frameworks */ = {
			isa = PBXFrameworksBuildPhase;
			buildActionMask = 2147483647;
			files = (
			);
			runOnlyForDeploymentPostprocessing = 0;
		};
/* End PBXFrameworksBuildPhase section */

/* Begin PBXGroup section */
		755A52C31BA678EE00C816F7 = {
			isa = PBXGroup;
			children = (
				755A52CE1BA678EE00C816F7 /* FavoritePlaces */,
				755A52CD1BA678EE00C816F7 /* Products */,
			);
			sourceTree = "<group>";
		};
		755A52CD1BA678EE00C816F7 /* Products */ = {
			isa = PBXGroup;
			children = (
				755A52CC1BA678EE00C816F7 /* FavoritePlaces.app */,
			);
			name = Products;
			sourceTree = "<group>";
		};
		755A52CE1BA678EE00C816F7 /* FavoritePlaces */ = {
			isa = PBXGroup;
			children = (
				755A52CF1BA678EE00C816F7 /* AppDelegate.swift */,
				755A52D11BA678EE00C816F7 /* ViewController.swift */,
				7564F08F1BA78F8200E81EEA /* TableViewController.swift */,
				7564F0911BA7BA6800E81EEA /* Favorite.swift */,
				755A52D31BA678EE00C816F7 /* Main.storyboard */,
				755A52D61BA678EE00C816F7 /* Assets.xcassets */,
				755A52D81BA678EE00C816F7 /* LaunchScreen.storyboard */,
				755A52DB1BA678EE00C816F7 /* Info.plist */,
			);
			path = FavoritePlaces;
			sourceTree = "<group>";
		};
/* End PBXGroup section */

/* Begin PBXNativeTarget section */
		755A52CB1BA678EE00C816F7 /* FavoritePlaces */ = {
			isa = PBXNativeTarget;
			buildConfigurationList = 755A52DE1BA678EE00C816F7 /* Build configuration list for PBXNativeTarget "FavoritePlaces" */;
			buildPhases = (
				755A52C81BA678EE00C816F7 /* Sources */,
				755A52C91BA678EE00C816F7 /* Frameworks */,
				755A52CA1BA678EE00C816F7 /* Resources */,
			);
			buildRules = (
			);
			dependencies = (
			);
			name = FavoritePlaces;
			productName = FavoritePlaces;
			productReference = 755A52CC1BA678EE00C816F7 /* FavoritePlaces.app */;
			productType = "com.apple.product-type.application";
		};
/* End PBXNativeTarget section */

/* Begin PBXProject section */
		755A52C41BA678EE00C816F7 /* Project object */ = {
			isa = PBXProject;
			attributes = {
				LastUpgradeCheck = 0700;
				ORGANIZATIONNAME = "Vincent Chau";
				TargetAttributes = {
					755A52CB1BA678EE00C816F7 = {
						CreatedOnToolsVersion = 7.0;
					};
				};
			};
			buildConfigurationList = 755A52C71BA678EE00C816F7 /* Build configuration list for PBXProject "FavoritePlaces" */;
			compatibilityVersion = "Xcode 3.2";
			developmentRegion = English;
			hasScannedForEncodings = 0;
			knownRegions = (
				en,
				Base,
			);
			mainGroup = 755A52C31BA678EE00C816F7;
			productRefGroup = 755A52CD1BA678EE00C816F7 /* Products */;
			projectDirPath = "";
			projectRoot = "";
			targets = (
				755A52CB1BA678EE00C816F7 /* FavoritePlaces */,
			);
		};
/* End PBXProject section */

/* Begin PBXResourcesBuildPhase section */
		755A52CA1BA678EE00C816F7 /* Resources */ = {
			isa = PBXResourcesBuildPhase;
			buildActionMask = 2147483647;
			files = (
				755A52DA1BA678EE00C816F7 /* LaunchScreen.storyboard in Resources */,
				755A52D71BA678EE00C816F7 /* Assets.xcassets in Resources */,
				755A52D51BA678EE00C816F7 /* Main.storyboard in Resources */,
			);
			runOnlyForDeploymentPostprocessing = 0;
		};
/* End PBXResourcesBuildPhase section */

/* Begin PBXSourcesBuildPhase section */
		755A52C81BA678EE00C816F7 /* Sources */ = {
			isa = PBXSourcesBuildPhase;
			buildActionMask = 2147483647;
			files = (
				755A52D21BA678EE00C816F7 /* ViewController.swift in Sources */,
				7564F0921BA7BA6800E81EEA /* Favorite.swift in Sources */,
				7564F0901BA78F8200E81EEA /* TableViewController.swift in Sources */,
				755A52D01BA678EE00C816F7 /* AppDelegate.swift in Sources */,
			);
			runOnlyForDeploymentPostprocessing = 0;
		};
/* End PBXSourcesBuildPhase section */

/* Begin PBXVariantGroup section */
		755A52D31BA678EE00C816F7 /* Main.storyboard */ = {
			isa = PBXVariantGroup;
			children = (
				755A52D41BA678EE00C816F7 /* Base */,
			);
			name = Main.storyboard;
			sourceTree = "<group>";
		};
		755A52D81BA678EE00C816F7 /* LaunchScreen.storyboard */ = {
			isa = PBXVariantGroup;
			children = (
				755A52D91BA678EE00C816F7 /* Base */,
			);
			name = LaunchScreen.storyboard;
			sourceTree = "<group>";
		};
/* End PBXVariantGroup section */

/* Begin XCBuildConfiguration section */
		755A52DC1BA678EE00C816F7 /* Debug */ = {
			isa = XCBuildConfiguration;
			buildSettings = {
				ALWAYS_SEARCH_USER_PATHS = NO;
				CLANG_CXX_LANGUAGE_STANDARD = "gnu++0x";
				CLANG_CXX_LIBRARY = "libc++";
				CLANG_ENABLE_MODULES = YES;
				CLANG_ENABLE_OBJC_ARC = YES;
				CLANG_WARN_BOOL_CONVERSION = YES;
				CLANG_WARN_CONSTANT_CONVERSION = YES;
				CLANG_WARN_DIRECT_OBJC_ISA_USAGE = YES_ERROR;
				CLANG_WARN_EMPTY_BODY = YES;
				CLANG_WARN_ENUM_CONVERSION = YES;
				CLANG_WARN_INT_CONVERSION = YES;
				CLANG_WARN_OBJC_ROOT_CLASS = YES_ERROR;
				CLANG_WARN_UNREACHABLE_CODE = YES;
				CLANG_WARN__DUPLICATE_METHOD_MATCH = YES;
				"CODE_SIGN_IDENTITY[sdk=iphoneos*]" = "iPhone Developer";
				COPY_PHASE_STRIP = NO;
				DEBUG_INFORMATION_FORMAT = dwarf;
				ENABLE_STRICT_OBJC_MSGSEND = YES;
				ENABLE_TESTABILITY = YES;
				GCC_C_LANGUAGE_STANDARD = gnu99;
				GCC_DYNAMIC_NO_PIC = NO;
				GCC_NO_COMMON_BLOCKS = YES;
				GCC_OPTIMIZATION_LEVEL = 0;
				GCC_PREPROCESSOR_DEFINITIONS = (
					"DEBUG=1",
					"$(inherited)",
				);
				GCC_WARN_64_TO_32_BIT_CONVERSION = YES;
				GCC_WARN_ABOUT_RETURN_TYPE = YES_ERROR;
				GCC_WARN_UNDECLARED_SELECTOR = YES;
				GCC_WARN_UNINITIALIZED_AUTOS = YES_AGGRESSIVE;
				GCC_WARN_UNUSED_FUNCTION = YES;
				GCC_WARN_UNUSED_VARIABLE = YES;
				IPHONEOS_DEPLOYMENT_TARGET = 9.0;
				MTL_ENABLE_DEBUG_INFO = YES;
				ONLY_ACTIVE_ARCH = YES;
				SDKROOT = iphoneos;
				SWIFT_OPTIMIZATION_LEVEL = "-Onone";
			};
			name = Debug;
		};
		755A52DD1BA678EE00C816F7 /* Release */ = {
			isa = XCBuildConfiguration;
			buildSettings = {
				ALWAYS_SEARCH_USER_PATHS = NO;
				CLANG_CXX_LANGUAGE_STANDARD = "gnu++0x";
				CLANG_CXX_LIBRARY = "libc++";
				CLANG_ENABLE_MODULES = YES;
				CLANG_ENABLE_OBJC_ARC = YES;
				CLANG_WARN_BOOL_CONVERSION = YES;
				CLANG_WARN_CONSTANT_CONVERSION = YES;
				CLANG_WARN_DIRECT_OBJC_ISA_USAGE = YES_ERROR;
				CLANG_WARN_EMPTY_BODY = YES;
				CLANG_WARN_ENUM_CONVERSION = YES;
				CLANG_WARN_INT_CONVERSION = YES;
				CLANG_WARN_OBJC_ROOT_CLASS = YES_ERROR;
				CLANG_WARN_UNREACHABLE_CODE = YES;
				CLANG_WARN__DUPLICATE_METHOD_MATCH = YES;
				"CODE_SIGN_IDENTITY[sdk=iphoneos*]" = "iPhone Developer";
				COPY_PHASE_STRIP = NO;
				DEBUG_INFORMATION_FORMAT = "dwarf-with-dsym";
				ENABLE_NS_ASSERTIONS = NO;
				ENABLE_STRICT_OBJC_MSGSEND = YES;
				GCC_C_LANGUAGE_STANDARD = gnu99;
				GCC_NO_COMMON_BLOCKS = YES;
				GCC_WARN_64_TO_32_BIT_CONVERSION = YES;
				GCC_WARN_ABOUT_RETURN_TYPE = YES_ERROR;
				GCC_WARN_UNDECLARED_SELECTOR = YES;
				GCC_WARN_UNINITIALIZED_AUTOS = YES_AGGRESSIVE;
				GCC_WARN_UNUSED_FUNCTION = YES;
				GCC_WARN_UNUSED_VARIABLE = YES;
				IPHONEOS_DEPLOYMENT_TARGET = 9.0;
				MTL_ENABLE_DEBUG_INFO = NO;
				SDKROOT = iphoneos;
				VALIDATE_PRODUCT = YES;
			};
			name = Release;
		};
		755A52DF1BA678EE00C816F7 /* Debug */ = {
			isa = XCBuildConfiguration;
			buildSettings = {
				ASSETCATALOG_COMPILER_APPICON_NAME = AppIcon;
				INFOPLIST_FILE = FavoritePlaces/Info.plist;
				LD_RUNPATH_SEARCH_PATHS = "$(inherited) @executable_path/Frameworks";
				PRODUCT_BUNDLE_IDENTIFIER = vchau.FavoritePlaces;
				PRODUCT_NAME = "$(TARGET_NAME)";
			};
			name = Debug;
		};
		755A52E01BA678EE00C816F7 /* Release */ = {
			isa = XCBuildConfiguration;
			buildSettings = {
				ASSETCATALOG_COMPILER_APPICON_NAME = AppIcon;
				INFOPLIST_FILE = FavoritePlaces/Info.plist;
				LD_RUNPATH_SEARCH_PATHS = "$(inherited) @executable_path/Frameworks";
				PRODUCT_BUNDLE_IDENTIFIER = vchau.FavoritePlaces;
				PRODUCT_NAME = "$(TARGET_NAME)";
			};
			name = Release;
		};
/* End XCBuildConfiguration section */

/* Begin XCConfigurationList section */
		755A52C71BA678EE00C816F7 /* Build configuration list for PBXProject "FavoritePlaces" */ = {
			isa = XCConfigurationList;
			buildConfigurations = (
				755A52DC1BA678EE00C816F7 /* Debug */,
				755A52DD1BA678EE00C816F7 /* Release */,
			);
			defaultConfigurationIsVisible = 0;
			defaultConfigurationName = Release;
		};
		755A52DE1BA678EE00C816F7 /* Build configuration list for PBXNativeTarget "FavoritePlaces" */ = {
			isa = XCConfigurationList;
			buildConfigurations = (
				755A52DF1BA678EE00C816F7 /* Debug */,
				755A52E01BA678EE00C816F7 /* Release */,
			);
			defaultConfigurationIsVisible = 0;
			defaultConfigurationName = Release;
		};
/* End XCConfigurationList section */
	};
	rootObject = 755A52C41BA678EE00C816F7 /* Project object */;
}
